
Microsoft Visual Studio Solution File, Format Version 12.00
# Visual Studio Version 17
VisualStudioVersion = 17.10.35027.167
MinimumVisualStudioVersion = 10.0.40219.1
Project("{FAE04EC0-301F-11D3-BF4B-00C04F79EFBC}") = "BingoManager", "BingoManager.csproj", "{438E2DDF-E31D-4548-98E9-3A21CE845255}"
EndProject
Global
	GlobalSection(SolutionConfigurationPlatforms) = preSolution
		Debug|Any CPU = Debug|Any CPU
		Release|Any CPU = Release|Any CPU
	EndGlobalSection
	GlobalSection(ProjectConfigurationPlatforms) = postSolution
		{438E2DDF-E31D-4548-98E9-3A21CE845255}.Debug|Any CPU.ActiveCfg = Debug|Any CPU
		{438E2DDF-E31D-4548-98E9-3A21CE845255}.Debug|Any CPU.Build.0 = Debug|Any CPU
		{438E2DDF-E31D-4548-98E9-3A21CE845255}.Release|Any CPU.ActiveCfg = Release|Any CPU
		{438E2DDF-E31D-4548-98E9-3A21CE845255}.Release|Any CPU.Build.0 = Release|Any CPU
	EndGlobalSection
	GlobalSection(SolutionProperties) = preSolution
		HideSolutionNode = FALSE
	EndGlobalSection
	GlobalSection(ExtensibilityGlobals) = postSolution
		SolutionGuid = {27D432A5-ED16-4158-90C6-46479D36B2AD}
	EndGlobalSection
EndGlobal
