
Microsoft Visual Studio Solution File, Format Version 12.00
# Visual Studio Version 17
VisualStudioVersion = 17.14.36414.22 d17.14
MinimumVisualStudioVersion = 10.0.40219.1
Project("{FAE04EC0-301F-11D3-BF4B-00C04F79EFBC}") = "GeradorCartas - Guildas", "GeradorCartas - Guildas.csproj", "{DA3FC651-197D-4FCC-A652-03F60442E18D}"
EndProject
Global
	GlobalSection(SolutionConfigurationPlatforms) = preSolution
		Debug|Any CPU = Debug|Any CPU
		Release|Any CPU = Release|Any CPU
	EndGlobalSection
	GlobalSection(ProjectConfigurationPlatforms) = postSolution
		{DA3FC651-197D-4FCC-A652-03F60442E18D}.Debug|Any CPU.ActiveCfg = Debug|Any CPU
		{DA3FC651-197D-4FCC-A652-03F60442E18D}.Debug|Any CPU.Build.0 = Debug|Any CPU
		{DA3FC651-197D-4FCC-A652-03F60442E18D}.Release|Any CPU.ActiveCfg = Release|Any CPU
		{DA3FC651-197D-4FCC-A652-03F60442E18D}.Release|Any CPU.Build.0 = Release|Any CPU
	EndGlobalSection
	GlobalSection(SolutionProperties) = preSolution
		HideSolutionNode = FALSE
	EndGlobalSection
	GlobalSection(ExtensibilityGlobals) = postSolution
		SolutionGuid = {59D0ABFE-35BD-4EA6-A11F-FD1F08A7E1A9}
	EndGlobalSection
EndGlobal
