
Microsoft Visual Studio Solution File, Format Version 12.00
# Visual Studio Version 17
VisualStudioVersion = 17.14.36414.22 d17.14
MinimumVisualStudioVersion = 10.0.40219.1
Project("{FAE04EC0-301F-11D3-BF4B-00C04F79EFBC}") = "ContaJunsta", "ContaJunsta.csproj", "{204A8CA3-1F32-435F-8508-5B2871E5802E}"
EndProject
Global
	GlobalSection(SolutionConfigurationPlatforms) = preSolution
		Debug|Any CPU = Debug|Any CPU
		Release|Any CPU = Release|Any CPU
	EndGlobalSection
	GlobalSection(ProjectConfigurationPlatforms) = postSolution
		{204A8CA3-1F32-435F-8508-5B2871E5802E}.Debug|Any CPU.ActiveCfg = Debug|Any CPU
		{204A8CA3-1F32-435F-8508-5B2871E5802E}.Debug|Any CPU.Build.0 = Debug|Any CPU
		{204A8CA3-1F32-435F-8508-5B2871E5802E}.Debug|Any CPU.Deploy.0 = Debug|Any CPU
		{204A8CA3-1F32-435F-8508-5B2871E5802E}.Release|Any CPU.ActiveCfg = Release|Any CPU
		{204A8CA3-1F32-435F-8508-5B2871E5802E}.Release|Any CPU.Build.0 = Release|Any CPU
		{204A8CA3-1F32-435F-8508-5B2871E5802E}.Release|Any CPU.Deploy.0 = Release|Any CPU
	EndGlobalSection
	GlobalSection(SolutionProperties) = preSolution
		HideSolutionNode = FALSE
	EndGlobalSection
	GlobalSection(ExtensibilityGlobals) = postSolution
		SolutionGuid = {24DBEA14-18B4-44E2-B844-9883490AF84B}
	EndGlobalSection
EndGlobal
